
Microsoft Visual Studio Solution File, Format Version 12.00
# Visual Studio Version 17
VisualStudioVersion = 17.8.34330.188
MinimumVisualStudioVersion = 10.0.40219.1
Project("{FAE04EC0-301F-11D3-BF4B-00C04F79EFBC}") = "StringEncryption", "StringEncryption\StringEncryption.csproj", "{03AFE0DC-2D81-4A19-A673-D97A388281C7}"
EndProject
Global
	GlobalSection(SolutionConfigurationPlatforms) = preSolution
		Debug|Any CPU = Debug|Any CPU
		Release|Any CPU = Release|Any CPU
	EndGlobalSection
	GlobalSection(ProjectConfigurationPlatforms) = postSolution
		{03AFE0DC-2D81-4A19-A673-D97A388281C7}.Debug|Any CPU.ActiveCfg = Debug|Any CPU
		{03AFE0DC-2D81-4A19-A673-D97A388281C7}.Debug|Any CPU.Build.0 = Debug|Any CPU
		{03AFE0DC-2D81-4A19-A673-D97A388281C7}.Release|Any CPU.ActiveCfg = Release|Any CPU
		{03AFE0DC-2D81-4A19-A673-D97A388281C7}.Release|Any CPU.Build.0 = Release|Any CPU
	EndGlobalSection
	GlobalSection(SolutionProperties) = preSolution
		HideSolutionNode = FALSE
	EndGlobalSection
	GlobalSection(ExtensibilityGlobals) = postSolution
		SolutionGuid = {53631DE5-2AB6-4344-8825-4EC40B3FAD47}
	EndGlobalSection
EndGlobal
